
Microsoft Visual Studio Solution File, Format Version 12.00
# Visual Studio Version 17
VisualStudioVersion = 17.3.32922.545
MinimumVisualStudioVersion = 10.0.40219.1
Project("{FAE04EC0-301F-11D3-BF4B-00C04F79EFBC}") = "DuplicatesCleaner", "DuplicatesCleaner\DuplicatesCleaner.csproj", "{5B0A4629-6837-4635-93DA-86C09C2BB0F5}"
EndProject
Project("{FAE04EC0-301F-11D3-BF4B-00C04F79EFBC}") = "DuplicatesCleaner.FileProcessor", "DuplicatesCleaner.FileProcessor\DuplicatesCleaner.FileProcessor.csproj", "{DB1FFCB5-3FEC-452F-9CF1-B69D09611549}"
EndProject
Project("{FAE04EC0-301F-11D3-BF4B-00C04F79EFBC}") = "DuplicatesCleaner.UnitTests", "DuplicatesCleaner.UnitTests\DuplicatesCleaner.UnitTests.csproj", "{EBFAAFF5-84F4-420F-B6FF-896EC402E2E7}"
EndProject
Project("{9A19103F-16F7-4668-BE54-9A1E7A4F7556}") = "DuplicatesCleaner.Benchmark", "DuplicatesCleaner.Benchmark\DuplicatesCleaner.Benchmark.csproj", "{C5D610A0-77F6-47EE-B55D-01B3AB4487DC}"
EndProject
Global
	GlobalSection(SolutionConfigurationPlatforms) = preSolution
		Debug|Any CPU = Debug|Any CPU
		Release|Any CPU = Release|Any CPU
	EndGlobalSection
	GlobalSection(ProjectConfigurationPlatforms) = postSolution
		{5B0A4629-6837-4635-93DA-86C09C2BB0F5}.Debug|Any CPU.ActiveCfg = Debug|Any CPU
		{5B0A4629-6837-4635-93DA-86C09C2BB0F5}.Debug|Any CPU.Build.0 = Debug|Any CPU
		{5B0A4629-6837-4635-93DA-86C09C2BB0F5}.Release|Any CPU.ActiveCfg = Release|Any CPU
		{5B0A4629-6837-4635-93DA-86C09C2BB0F5}.Release|Any CPU.Build.0 = Release|Any CPU
		{DB1FFCB5-3FEC-452F-9CF1-B69D09611549}.Debug|Any CPU.ActiveCfg = Debug|Any CPU
		{DB1FFCB5-3FEC-452F-9CF1-B69D09611549}.Debug|Any CPU.Build.0 = Debug|Any CPU
		{DB1FFCB5-3FEC-452F-9CF1-B69D09611549}.Release|Any CPU.ActiveCfg = Release|Any CPU
		{DB1FFCB5-3FEC-452F-9CF1-B69D09611549}.Release|Any CPU.Build.0 = Release|Any CPU
		{EBFAAFF5-84F4-420F-B6FF-896EC402E2E7}.Debug|Any CPU.ActiveCfg = Debug|Any CPU
		{EBFAAFF5-84F4-420F-B6FF-896EC402E2E7}.Debug|Any CPU.Build.0 = Debug|Any CPU
		{EBFAAFF5-84F4-420F-B6FF-896EC402E2E7}.Release|Any CPU.ActiveCfg = Release|Any CPU
		{EBFAAFF5-84F4-420F-B6FF-896EC402E2E7}.Release|Any CPU.Build.0 = Release|Any CPU
		{C5D610A0-77F6-47EE-B55D-01B3AB4487DC}.Debug|Any CPU.ActiveCfg = Debug|Any CPU
		{C5D610A0-77F6-47EE-B55D-01B3AB4487DC}.Debug|Any CPU.Build.0 = Debug|Any CPU
		{C5D610A0-77F6-47EE-B55D-01B3AB4487DC}.Release|Any CPU.ActiveCfg = Release|Any CPU
		{C5D610A0-77F6-47EE-B55D-01B3AB4487DC}.Release|Any CPU.Build.0 = Release|Any CPU
	EndGlobalSection
	GlobalSection(SolutionProperties) = preSolution
		HideSolutionNode = FALSE
	EndGlobalSection
	GlobalSection(ExtensibilityGlobals) = postSolution
		SolutionGuid = {C8FB9B64-7C34-4E43-9A4A-02E64BEDF460}
	EndGlobalSection
EndGlobal
